
Microsoft Visual Studio Solution File, Format Version 12.00
# Visual Studio Version 17
VisualStudioVersion = 17.0.32014.148
MinimumVisualStudioVersion = 10.0.40219.1
Project("{FAE04EC0-301F-11D3-BF4B-00C04F79EFBC}") = "WebApplication3", "WebApplication3\WebApplication3.csproj", "{403123F5-6355-42E9-8666-1C16073466FE}"
EndProject
Global
	GlobalSection(SolutionConfigurationPlatforms) = preSolution
		Debug|Any CPU = Debug|Any CPU
		Release|Any CPU = Release|Any CPU
	EndGlobalSection
	GlobalSection(ProjectConfigurationPlatforms) = postSolution
		{403123F5-6355-42E9-8666-1C16073466FE}.Debug|Any CPU.ActiveCfg = Debug|Any CPU
		{403123F5-6355-42E9-8666-1C16073466FE}.Debug|Any CPU.Build.0 = Debug|Any CPU
		{403123F5-6355-42E9-8666-1C16073466FE}.Release|Any CPU.ActiveCfg = Release|Any CPU
		{403123F5-6355-42E9-8666-1C16073466FE}.Release|Any CPU.Build.0 = Release|Any CPU
	EndGlobalSection
	GlobalSection(SolutionProperties) = preSolution
		HideSolutionNode = FALSE
	EndGlobalSection
	GlobalSection(ExtensibilityGlobals) = postSolution
		SolutionGuid = {A0382E8B-A2FF-44A3-BC7D-AA9BA766417B}
	EndGlobalSection
EndGlobal
